
Microsoft Visual Studio Solution File, Format Version 12.00
# Visual Studio 15
VisualStudioVersion = 15.0.27428.2027
MinimumVisualStudioVersion = 10.0.40219.1
Project("{FAE04EC0-301F-11D3-BF4B-00C04F79EFBC}") = "AcmeWebAPI", "AcmeWebAPI\AcmeWebAPI.csproj", "{5757939A-7304-4F5D-B5C1-934FA07F5D80}"
EndProject
Project("{FAE04EC0-301F-11D3-BF4B-00C04F79EFBC}") = "AcmeWebAPI.Tests", "AcmeWebAPI.Tests\AcmeWebAPI.Tests.csproj", "{ED932C35-2BE3-4D10-9474-C93D88CD9635}"
EndProject
Global
	GlobalSection(SolutionConfigurationPlatforms) = preSolution
		Debug|Any CPU = Debug|Any CPU
		Release|Any CPU = Release|Any CPU
	EndGlobalSection
	GlobalSection(ProjectConfigurationPlatforms) = postSolution
		{5757939A-7304-4F5D-B5C1-934FA07F5D80}.Debug|Any CPU.ActiveCfg = Debug|Any CPU
		{5757939A-7304-4F5D-B5C1-934FA07F5D80}.Debug|Any CPU.Build.0 = Debug|Any CPU
		{5757939A-7304-4F5D-B5C1-934FA07F5D80}.Release|Any CPU.ActiveCfg = Release|Any CPU
		{5757939A-7304-4F5D-B5C1-934FA07F5D80}.Release|Any CPU.Build.0 = Release|Any CPU
		{ED932C35-2BE3-4D10-9474-C93D88CD9635}.Debug|Any CPU.ActiveCfg = Debug|Any CPU
		{ED932C35-2BE3-4D10-9474-C93D88CD9635}.Debug|Any CPU.Build.0 = Debug|Any CPU
		{ED932C35-2BE3-4D10-9474-C93D88CD9635}.Release|Any CPU.ActiveCfg = Release|Any CPU
		{ED932C35-2BE3-4D10-9474-C93D88CD9635}.Release|Any CPU.Build.0 = Release|Any CPU
	EndGlobalSection
	GlobalSection(SolutionProperties) = preSolution
		HideSolutionNode = FALSE
	EndGlobalSection
	GlobalSection(ExtensibilityGlobals) = postSolution
		SolutionGuid = {158A18A0-22C4-4BD4-A13E-565F6589232B}
	EndGlobalSection
EndGlobal
